// !$*UTF8*$!
{
	archiveVersion = 1;
	classes = {
	};
	objectVersion = 46;
	objects = {

/* Begin PBXBuildFile section */
		6200DE7419D600A100BF8163 /* main.cpp in Sources */ = {isa = PBXBuildFile; fileRef = 6200DE7319D600A100BF8163 /* main.cpp */; };
/* End PBXBuildFile section */

/* Begin PBXCopyFilesBuildPhase section */
		6200DE6E19D600A100BF8163 /* CopyFiles */ = {
			isa = PBXCopyFilesBuildPhase;
			buildActionMask = 2147483647;
			dstPath = /usr/share/man/man1/;
			dstSubfolderSpec = 0;
			files = (
			);
			runOnlyForDeploymentPostprocessing = 1;
		};
/* End PBXCopyFilesBuildPhase section */

/* Begin PBXFileReference section */
		6200DE7019D600A100BF8163 /* SynologyAPI */ = {isa = PBXFileReference; explicitFileType = "compiled.mach-o.executable"; includeInIndex = 0; path = SynologyAPI; sourceTree = BUILT_PRODUCTS_DIR; };
		6200DE7319D600A100BF8163 /* main.cpp */ = {isa = PBXFileReference; lastKnownFileType = sourcecode.cpp.cpp; path = main.cpp; sourceTree = "<group>"; };
/* End PBXFileReference section */

/* Begin PBXFrameworksBuildPhase section */
		6200DE6D19D600A100BF8163 /* Frameworks */ = {
			isa = PBXFrameworksBuildPhase;
			buildActionMask = 2147483647;
			files = (
			);
			runOnlyForDeploymentPostprocessing = 0;
		};
/* End PBXFrameworksBuildPhase section */

/* Begin PBXGroup section */
		6200DE6719D600A100BF8163 = {
			isa = PBXGroup;
			children = (
				6200DE7219D600A100BF8163 /* SynologyAPI */,
				6200DE7119D600A100BF8163 /* Products */,
			);
			sourceTree = "<group>";
		};
		6200DE7119D600A100BF8163 /* Products */ = {
			isa = PBXGroup;
			children = (
				6200DE7019D600A100BF8163 /* SynologyAPI */,
			);
			name = Products;
			sourceTree = "<group>";
		};
		6200DE7219D600A100BF8163 /* SynologyAPI */ = {
			isa = PBXGroup;
			children = (
				6200DE7319D600A100BF8163 /* main.cpp */,
			);
			path = SynologyAPI;
			sourceTree = "<group>";
		};
/* End PBXGroup section */

/* Begin PBXNativeTarget section */
		6200DE6F19D600A100BF8163 /* SynologyAPI */ = {
			isa = PBXNativeTarget;
			buildConfigurationList = 6200DE7719D600A100BF8163 /* Build configuration list for PBXNativeTarget "SynologyAPI" */;
			buildPhases = (
				6200DE6C19D600A100BF8163 /* Sources */,
				6200DE6D19D600A100BF8163 /* Frameworks */,
				6200DE6E19D600A100BF8163 /* CopyFiles */,
			);
			buildRules = (
			);
			dependencies = (
			);
			name = SynologyAPI;
			productName = SynologyAPI;
			productReference = 6200DE7019D600A100BF8163 /* SynologyAPI */;
			productType = "com.apple.product-type.tool";
		};
/* End PBXNativeTarget section */

/* Begin PBXProject section */
		6200DE6819D600A100BF8163 /* Project object */ = {
			isa = PBXProject;
			attributes = {
				LastUpgradeCheck = 0600;
				ORGANIZATIONNAME = palladion.it;
				TargetAttributes = {
					6200DE6F19D600A100BF8163 = {
						CreatedOnToolsVersion = 6.0.1;
					};
				};
			};
			buildConfigurationList = 6200DE6B19D600A100BF8163 /* Build configuration list for PBXProject "SynologyAPI" */;
			compatibilityVersion = "Xcode 3.2";
			developmentRegion = English;
			hasScannedForEncodings = 0;
			knownRegions = (
				en,
			);
			mainGroup = 6200DE6719D600A100BF8163;
			productRefGroup = 6200DE7119D600A100BF8163 /* Products */;
			projectDirPath = "";
			projectRoot = "";
			targets = (
				6200DE6F19D600A100BF8163 /* SynologyAPI */,
			);
		};
/* End PBXProject section */

/* Begin PBXSourcesBuildPhase section */
		6200DE6C19D600A100BF8163 /* Sources */ = {
			isa = PBXSourcesBuildPhase;
			buildActionMask = 2147483647;
			files = (
				6200DE7419D600A100BF8163 /* main.cpp in Sources */,
			);
			runOnlyForDeploymentPostprocessing = 0;
		};
/* End PBXSourcesBuildPhase section */

/* Begin XCBuildConfiguration section */
		6200DE7519D600A100BF8163 /* Debug */ = {
			isa = XCBuildConfiguration;
			buildSettings = {
				ALWAYS_SEARCH_USER_PATHS = NO;
				CLANG_CXX_LANGUAGE_STANDARD = "gnu++0x";
				CLANG_CXX_LIBRARY = "libc++";
				CLANG_ENABLE_MODULES = YES;
				CLANG_ENABLE_OBJC_ARC = YES;
				CLANG_WARN_BOOL_CONVERSION = YES;
				CLANG_WARN_CONSTANT_CONVERSION = YES;
				CLANG_WARN_DIRECT_OBJC_ISA_USAGE = YES_ERROR;
				CLANG_WARN_EMPTY_BODY = YES;
				CLANG_WARN_ENUM_CONVERSION = YES;
				CLANG_WARN_INT_CONVERSION = YES;
				CLANG_WARN_OBJC_ROOT_CLASS = YES_ERROR;
				CLANG_WARN_UNREACHABLE_CODE = YES;
				CLANG_WARN__DUPLICATE_METHOD_MATCH = YES;
				COPY_PHASE_STRIP = NO;
				ENABLE_STRICT_OBJC_MSGSEND = YES;
				GCC_C_LANGUAGE_STANDARD = gnu99;
				GCC_DYNAMIC_NO_PIC = NO;
				GCC_OPTIMIZATION_LEVEL = 0;
				GCC_PREPROCESSOR_DEFINITIONS = (
					"DEBUG=1",
					"$(inherited)",
				);
				GCC_SYMBOLS_PRIVATE_EXTERN = NO;
				GCC_WARN_64_TO_32_BIT_CONVERSION = YES;
				GCC_WARN_ABOUT_RETURN_TYPE = YES_ERROR;
				GCC_WARN_UNDECLARED_SELECTOR = YES;
				GCC_WARN_UNINITIALIZED_AUTOS = YES_AGGRESSIVE;
				GCC_WARN_UNUSED_FUNCTION = YES;
				GCC_WARN_UNUSED_VARIABLE = YES;
				MACOSX_DEPLOYMENT_TARGET = 10.9;
				MTL_ENABLE_DEBUG_INFO = YES;
				ONLY_ACTIVE_ARCH = YES;
				SDKROOT = macosx;
			};
			name = Debug;
		};
		6200DE7619D600A100BF8163 /* Release */ = {
			isa = XCBuildConfiguration;
			buildSettings = {
				ALWAYS_SEARCH_USER_PATHS = NO;
				CLANG_CXX_LANGUAGE_STANDARD = "gnu++0x";
				CLANG_CXX_LIBRARY = "libc++";
				CLANG_ENABLE_MODULES = YES;
				CLANG_ENABLE_OBJC_ARC = YES;
				CLANG_WARN_BOOL_CONVERSION = YES;
				CLANG_WARN_CONSTANT_CONVERSION = YES;
				CLANG_WARN_DIRECT_OBJC_ISA_USAGE = YES_ERROR;
				CLANG_WARN_EMPTY_BODY = YES;
				CLANG_WARN_ENUM_CONVERSION = YES;
				CLANG_WARN_INT_CONVERSION = YES;
				CLANG_WARN_OBJC_ROOT_CLASS = YES_ERROR;
				CLANG_WARN_UNREACHABLE_CODE = YES;
				CLANG_WARN__DUPLICATE_METHOD_MATCH = YES;
				COPY_PHASE_STRIP = YES;
				DEBUG_INFORMATION_FORMAT = "dwarf-with-dsym";
				ENABLE_NS_ASSERTIONS = NO;
				ENABLE_STRICT_OBJC_MSGSEND = YES;
				GCC_C_LANGUAGE_STANDARD = gnu99;
				GCC_WARN_64_TO_32_BIT_CONVERSION = YES;
				GCC_WARN_ABOUT_RETURN_TYPE = YES_ERROR;
				GCC_WARN_UNDECLARED_SELECTOR = YES;
				GCC_WARN_UNINITIALIZED_AUTOS = YES_AGGRESSIVE;
				GCC_WARN_UNUSED_FUNCTION = YES;
				GCC_WARN_UNUSED_VARIABLE = YES;
				MACOSX_DEPLOYMENT_TARGET = 10.9;
				MTL_ENABLE_DEBUG_INFO = NO;
				SDKROOT = macosx;
			};
			name = Release;
		};
		6200DE7819D600A100BF8163 /* Debug */ = {
			isa = XCBuildConfiguration;
			buildSettings = {
				OTHER_LDFLAGS = "-lcurl";
				PRODUCT_NAME = "$(TARGET_NAME)";
			};
			name = Debug;
		};
		6200DE7919D600A100BF8163 /* Release */ = {
			isa = XCBuildConfiguration;
			buildSettings = {
				OTHER_LDFLAGS = "-lcurl";
				PRODUCT_NAME = "$(TARGET_NAME)";
			};
			name = Release;
		};
/* End XCBuildConfiguration section */

/* Begin XCConfigurationList section */
		6200DE6B19D600A100BF8163 /* Build configuration list for PBXProject "SynologyAPI" */ = {
			isa = XCConfigurationList;
			buildConfigurations = (
				6200DE7519D600A100BF8163 /* Debug */,
				6200DE7619D600A100BF8163 /* Release */,
			);
			defaultConfigurationIsVisible = 0;
			defaultConfigurationName = Release;
		};
		6200DE7719D600A100BF8163 /* Build configuration list for PBXNativeTarget "SynologyAPI" */ = {
			isa = XCConfigurationList;
			buildConfigurations = (
				6200DE7819D600A100BF8163 /* Debug */,
				6200DE7919D600A100BF8163 /* Release */,
			);
			defaultConfigurationIsVisible = 0;
		};
/* End XCConfigurationList section */
	};
	rootObject = 6200DE6819D600A100BF8163 /* Project object */;
}
